
Microsoft Visual Studio Solution File, Format Version 12.00
# Visual Studio 14
VisualStudioVersion = 14.0.23107.0
MinimumVisualStudioVersion = 10.0.40219.1
Project("{FAE04EC0-301F-11D3-BF4B-00C04F79EFBC}") = "SEOCheckerCacheRefresher", "SEOCheckerCacheRefresher\SEOCheckerCacheRefresher.csproj", "{B85AFCFF-5ABB-496F-B9D5-DCB2399038EF}"
EndProject
Project("{FAE04EC0-301F-11D3-BF4B-00C04F79EFBC}") = "TestSite", "TestSite\TestSite.csproj", "{DDC4EFDC-C59E-4118-8AFD-0791A5BAFBB6}"
EndProject
Global
	GlobalSection(SolutionConfigurationPlatforms) = preSolution
		Debug|Any CPU = Debug|Any CPU
		Release|Any CPU = Release|Any CPU
	EndGlobalSection
	GlobalSection(ProjectConfigurationPlatforms) = postSolution
		{B85AFCFF-5ABB-496F-B9D5-DCB2399038EF}.Debug|Any CPU.ActiveCfg = Debug|Any CPU
		{B85AFCFF-5ABB-496F-B9D5-DCB2399038EF}.Debug|Any CPU.Build.0 = Debug|Any CPU
		{B85AFCFF-5ABB-496F-B9D5-DCB2399038EF}.Release|Any CPU.ActiveCfg = Release|Any CPU
		{B85AFCFF-5ABB-496F-B9D5-DCB2399038EF}.Release|Any CPU.Build.0 = Release|Any CPU
		{DDC4EFDC-C59E-4118-8AFD-0791A5BAFBB6}.Debug|Any CPU.ActiveCfg = Debug|Any CPU
		{DDC4EFDC-C59E-4118-8AFD-0791A5BAFBB6}.Debug|Any CPU.Build.0 = Debug|Any CPU
		{DDC4EFDC-C59E-4118-8AFD-0791A5BAFBB6}.Release|Any CPU.ActiveCfg = Release|Any CPU
		{DDC4EFDC-C59E-4118-8AFD-0791A5BAFBB6}.Release|Any CPU.Build.0 = Release|Any CPU
	EndGlobalSection
	GlobalSection(SolutionProperties) = preSolution
		HideSolutionNode = FALSE
	EndGlobalSection
EndGlobal
